
Microsoft Visual Studio Solution File, Format Version 12.00
# Visual Studio 14
VisualStudioVersion = 14.0.22823.1
MinimumVisualStudioVersion = 10.0.40219.1
Project("{2150E333-8FDC-42A3-9474-1A3956D46DE8}") = "Solution Items", "Solution Items", "{725D9A0A-C826-4139-9D0F-175120AC790B}"
	ProjectSection(SolutionItems) = preProject
		appveyor.yml = appveyor.yml
		README.md = README.md
	EndProjectSection
EndProject
Project("{FAE04EC0-301F-11D3-BF4B-00C04F79EFBC}") = "MessageTemplates.Tests.net45", "MessageTemplates.Tests.net45\MessageTemplates.Tests.net45.csproj", "{C5480902-AC06-45C7-866B-5735B6365FA6}"
EndProject
Project("{F2A71F9B-5D33-465A-A702-920D77279786}") = "FsMessageTemplates", "FsMessageTemplates\FsMessageTemplates.fsproj", "{A3FFE923-B675-4E01-A085-6BB7C669CCFF}"
EndProject
Project("{FAE04EC0-301F-11D3-BF4B-00C04F79EFBC}") = "MessageTemplates.net45", "MessageTemplates\MessageTemplates.net45.csproj", "{EA4E4A86-AE2F-4A35-A2B1-BA7894CE3F95}"
EndProject
Project("{F2A71F9B-5D33-465A-A702-920D77279786}") = "MessageTemplates.FsTests.net45", "MessageTemplates.FsTests.net45\MessageTemplates.FsTests.net45.fsproj", "{18EF9026-D9CC-4BE7-86E9-F7E1BF69845F}"
EndProject
Global
	GlobalSection(SolutionConfigurationPlatforms) = preSolution
		Debug|Any CPU = Debug|Any CPU
		Release|Any CPU = Release|Any CPU
	EndGlobalSection
	GlobalSection(ProjectConfigurationPlatforms) = postSolution
		{C5480902-AC06-45C7-866B-5735B6365FA6}.Debug|Any CPU.ActiveCfg = Debug|Any CPU
		{C5480902-AC06-45C7-866B-5735B6365FA6}.Debug|Any CPU.Build.0 = Debug|Any CPU
		{C5480902-AC06-45C7-866B-5735B6365FA6}.Release|Any CPU.ActiveCfg = Release|Any CPU
		{C5480902-AC06-45C7-866B-5735B6365FA6}.Release|Any CPU.Build.0 = Release|Any CPU
		{A3FFE923-B675-4E01-A085-6BB7C669CCFF}.Debug|Any CPU.ActiveCfg = Debug|Any CPU
		{A3FFE923-B675-4E01-A085-6BB7C669CCFF}.Debug|Any CPU.Build.0 = Debug|Any CPU
		{A3FFE923-B675-4E01-A085-6BB7C669CCFF}.Release|Any CPU.ActiveCfg = Release|Any CPU
		{A3FFE923-B675-4E01-A085-6BB7C669CCFF}.Release|Any CPU.Build.0 = Release|Any CPU
		{EA4E4A86-AE2F-4A35-A2B1-BA7894CE3F95}.Debug|Any CPU.ActiveCfg = Debug|Any CPU
		{EA4E4A86-AE2F-4A35-A2B1-BA7894CE3F95}.Debug|Any CPU.Build.0 = Debug|Any CPU
		{EA4E4A86-AE2F-4A35-A2B1-BA7894CE3F95}.Release|Any CPU.ActiveCfg = Release|Any CPU
		{EA4E4A86-AE2F-4A35-A2B1-BA7894CE3F95}.Release|Any CPU.Build.0 = Release|Any CPU
		{18EF9026-D9CC-4BE7-86E9-F7E1BF69845F}.Debug|Any CPU.ActiveCfg = Debug|Any CPU
		{18EF9026-D9CC-4BE7-86E9-F7E1BF69845F}.Debug|Any CPU.Build.0 = Debug|Any CPU
		{18EF9026-D9CC-4BE7-86E9-F7E1BF69845F}.Release|Any CPU.ActiveCfg = Release|Any CPU
		{18EF9026-D9CC-4BE7-86E9-F7E1BF69845F}.Release|Any CPU.Build.0 = Release|Any CPU
	EndGlobalSection
	GlobalSection(SolutionProperties) = preSolution
		HideSolutionNode = FALSE
	EndGlobalSection
EndGlobal
